
Microsoft Visual Studio Solution File, Format Version 12.00
# Visual Studio Version 17
VisualStudioVersion = 17.1.32210.238
MinimumVisualStudioVersion = 10.0.40219.1
Project("{9A19103F-16F7-4668-BE54-9A1E7A4F7556}") = "Assignment1", "Assignment1\Assignment1.csproj", "{6C3A4273-35D1-4E9A-9E0A-3DD3FCC6A423}"
EndProject
Project("{9A19103F-16F7-4668-BE54-9A1E7A4F7556}") = "Assignment1API", "Assignment1API\Assignment1API.csproj", "{7A198CFC-56F5-4D37-95A6-41414337C8EA}"
EndProject
Global
	GlobalSection(SolutionConfigurationPlatforms) = preSolution
		Debug|Any CPU = Debug|Any CPU
		Release|Any CPU = Release|Any CPU
	EndGlobalSection
	GlobalSection(ProjectConfigurationPlatforms) = postSolution
		{6C3A4273-35D1-4E9A-9E0A-3DD3FCC6A423}.Debug|Any CPU.ActiveCfg = Debug|Any CPU
		{6C3A4273-35D1-4E9A-9E0A-3DD3FCC6A423}.Debug|Any CPU.Build.0 = Debug|Any CPU
		{6C3A4273-35D1-4E9A-9E0A-3DD3FCC6A423}.Release|Any CPU.ActiveCfg = Release|Any CPU
		{6C3A4273-35D1-4E9A-9E0A-3DD3FCC6A423}.Release|Any CPU.Build.0 = Release|Any CPU
		{7A198CFC-56F5-4D37-95A6-41414337C8EA}.Debug|Any CPU.ActiveCfg = Debug|Any CPU
		{7A198CFC-56F5-4D37-95A6-41414337C8EA}.Debug|Any CPU.Build.0 = Debug|Any CPU
		{7A198CFC-56F5-4D37-95A6-41414337C8EA}.Release|Any CPU.ActiveCfg = Release|Any CPU
		{7A198CFC-56F5-4D37-95A6-41414337C8EA}.Release|Any CPU.Build.0 = Release|Any CPU
	EndGlobalSection
	GlobalSection(SolutionProperties) = preSolution
		HideSolutionNode = FALSE
	EndGlobalSection
	GlobalSection(ExtensibilityGlobals) = postSolution
		SolutionGuid = {47C0C984-791C-43B7-BDD2-AA42132C177E}
	EndGlobalSection
EndGlobal
